{
    "_readme": [
        "This file locks the dependencies of your project to a known state",
        "Read more about it at https://getcomposer.org/doc/01-basic-usage.md#composer-lock-the-lock-file",
        "This file is @generated automatically"
    ],
    "hash": "cee5b39d88c4fc34dc17eaf2761c909b",
    "content-hash": "2237cccd4b42c73f227403240d7c6bfd",
    "packages": [
        {
            "name": "geerlingguy/drupal-vm",
            "version": "3.3.2",
            "source": {
                "type": "git",
                "url": "https://github.com/geerlingguy/drupal-vm.git",
                "reference": "d1288ddb1322c14275d53a93f364c83df0ec7e38"
            },
            "dist": {
                "type": "zip",
                "url": "https://api.github.com/repos/geerlingguy/drupal-vm/zipball/d1288ddb1322c14275d53a93f364c83df0ec7e38",
                "reference": "d1288ddb1322c14275d53a93f364c83df0ec7e38",
                "shasum": ""
            },
            "type": "project",
            "notification-url": "https://packagist.org/downloads/",
            "license": [
                "MIT"
            ],
            "authors": [
                {
                    "name": "Jeff Geerling",
                    "homepage": "http://www.jeffgeerling.com"
                },
                {
                    "name": "Oskar Schöldström",
                    "homepage": "http://oxy.fi"
                }
            ],
            "description": "A VM for local Drupal development, built with Vagrant + Ansible",
            "homepage": "https://www.drupalvm.com",
            "keywords": [
                "drupal",
                "vagrant",
                "virtual machine",
                "vm"
            ],
            "time": "2016-10-06 17:57:07"
        }
    ],
    "packages-dev": [],
    "aliases": [],
    "minimum-stability": "stable",
    "stability-flags": [],
    "prefer-stable": false,
    "prefer-lowest": false,
    "platform": [],
    "platform-dev": []
}
