{
    "_readme": [
        "This file locks the dependencies of your project to a known state",
        "Read more about it at https://getcomposer.org/doc/01-basic-usage.md#installing-dependencies",
        "This file is @generated automatically"
    ],
    "content-hash": "7c499e4ffb207cf904eb6b6cc40c1fb3",
    "packages": [
        {
            "name": "geerlingguy/drupal-vm",
            "version": "6.0.0",
            "source": {
                "type": "git",
                "url": "https://github.com/geerlingguy/drupal-vm.git",
                "reference": "0257c5dfaaca71f2125d3076976b143a4fd63a86"
            },
            "dist": {
                "type": "zip",
                "url": "https://api.github.com/repos/geerlingguy/drupal-vm/zipball/0257c5dfaaca71f2125d3076976b143a4fd63a86",
                "reference": "0257c5dfaaca71f2125d3076976b143a4fd63a86",
                "shasum": ""
            },
            "type": "vm",
            "notification-url": "https://packagist.org/downloads/",
            "license": [
                "MIT"
            ],
            "authors": [
                {
                    "name": "Jeff Geerling",
                    "homepage": "https://www.jeffgeerling.com"
                },
                {
                    "name": "Oskar Schöldström",
                    "homepage": "http://oxy.fi"
                }
            ],
            "description": "A VM for local Drupal development, built with Vagrant + Ansible",
            "homepage": "https://www.drupalvm.com",
            "keywords": [
                "drupal",
                "vagrant",
                "virtual machine",
                "vm"
            ],
            "funding": [
                {
                    "url": "https://github.com/geerlingguy",
                    "type": "github"
                },
                {
                    "url": "https://www.patreon.com/geerlingguy",
                    "type": "patreon"
                }
            ],
            "time": "2020-07-14T17:07:45+00:00"
        }
    ],
    "packages-dev": [],
    "aliases": [],
    "minimum-stability": "stable",
    "stability-flags": [],
    "prefer-stable": false,
    "prefer-lowest": false,
    "platform": [],
    "platform-dev": [],
    "plugin-api-version": "1.1.0"
}
