{
    "_readme": [
        "This file locks the dependencies of your project to a known state",
        "Read more about it at https://getcomposer.org/doc/01-basic-usage.md#installing-dependencies",
        "This file is @generated automatically"
    ],
    "content-hash": "df72ad46bf20877e05ade2616bd03ad2",
    "packages": [
        {
            "name": "geerlingguy/drupal-vm",
            "version": "4.9.2",
            "source": {
                "type": "git",
                "url": "https://github.com/geerlingguy/drupal-vm.git",
                "reference": "b3fb327832e5d78c7889c1d1428e85ded1592a28"
            },
            "dist": {
                "type": "zip",
                "url": "https://api.github.com/repos/geerlingguy/drupal-vm/zipball/b3fb327832e5d78c7889c1d1428e85ded1592a28",
                "reference": "b3fb327832e5d78c7889c1d1428e85ded1592a28",
                "shasum": ""
            },
            "type": "vm",
            "notification-url": "https://packagist.org/downloads/",
            "license": [
                "MIT"
            ],
            "authors": [
                {
                    "name": "Oskar Schöldström",
                    "homepage": "http://oxy.fi"
                },
                {
                    "name": "Jeff Geerling",
                    "homepage": "https://www.jeffgeerling.com"
                }
            ],
            "description": "A VM for local Drupal development, built with Vagrant + Ansible",
            "homepage": "https://www.drupalvm.com",
            "keywords": [
                "drupal",
                "vagrant",
                "virtual machine",
                "vm"
            ],
            "time": "2019-01-03T16:19:18+00:00"
        }
    ],
    "packages-dev": [],
    "aliases": [],
    "minimum-stability": "stable",
    "stability-flags": [],
    "prefer-stable": false,
    "prefer-lowest": false,
    "platform": [],
    "platform-dev": []
}
